
Microsoft Visual Studio Solution File, Format Version 12.00
# Visual Studio Version 17
VisualStudioVersion = 17.8.34330.188
MinimumVisualStudioVersion = 10.0.40219.1
Project("{FAE04EC0-301F-11D3-BF4B-00C04F79EFBC}") = "LeetCode75.Main", "LeetCode75.Main\LeetCode75.Main.csproj", "{52B03ACE-D6C3-4F7A-9089-2654F36A9B1E}"
EndProject
Project("{FAE04EC0-301F-11D3-BF4B-00C04F79EFBC}") = "LeetCode75.Tests", "LeetCode75.Tests\LeetCode75.Tests.csproj", "{94CD58F8-DC4B-49B6-9B91-157CABC53930}"
EndProject
Global
	GlobalSection(SolutionConfigurationPlatforms) = preSolution
		Debug|Any CPU = Debug|Any CPU
		Release|Any CPU = Release|Any CPU
	EndGlobalSection
	GlobalSection(ProjectConfigurationPlatforms) = postSolution
		{52B03ACE-D6C3-4F7A-9089-2654F36A9B1E}.Debug|Any CPU.ActiveCfg = Debug|Any CPU
		{52B03ACE-D6C3-4F7A-9089-2654F36A9B1E}.Debug|Any CPU.Build.0 = Debug|Any CPU
		{52B03ACE-D6C3-4F7A-9089-2654F36A9B1E}.Release|Any CPU.ActiveCfg = Release|Any CPU
		{52B03ACE-D6C3-4F7A-9089-2654F36A9B1E}.Release|Any CPU.Build.0 = Release|Any CPU
		{94CD58F8-DC4B-49B6-9B91-157CABC53930}.Debug|Any CPU.ActiveCfg = Debug|Any CPU
		{94CD58F8-DC4B-49B6-9B91-157CABC53930}.Debug|Any CPU.Build.0 = Debug|Any CPU
		{94CD58F8-DC4B-49B6-9B91-157CABC53930}.Release|Any CPU.ActiveCfg = Release|Any CPU
		{94CD58F8-DC4B-49B6-9B91-157CABC53930}.Release|Any CPU.Build.0 = Release|Any CPU
	EndGlobalSection
	GlobalSection(SolutionProperties) = preSolution
		HideSolutionNode = FALSE
	EndGlobalSection
	GlobalSection(ExtensibilityGlobals) = postSolution
		SolutionGuid = {FC27040B-CB10-47B4-A00B-4A0A5C6F135E}
	EndGlobalSection
EndGlobal
